
Microsoft Visual Studio Solution File, Format Version 12.00
# Visual Studio Version 17
VisualStudioVersion = 17.11.35327.3
MinimumVisualStudioVersion = 10.0.40219.1
Project("{FAE04EC0-301F-11D3-BF4B-00C04F79EFBC}") = "Lab_OKT_3_02", "Lab_OKT_3_02\Lab_OKT_3_02.csproj", "{FF21F131-05A3-468A-ADCA-26B1FD649AAA}"
EndProject
Global
	GlobalSection(SolutionConfigurationPlatforms) = preSolution
		Debug|Any CPU = Debug|Any CPU
		Release|Any CPU = Release|Any CPU
	EndGlobalSection
	GlobalSection(ProjectConfigurationPlatforms) = postSolution
		{FF21F131-05A3-468A-ADCA-26B1FD649AAA}.Debug|Any CPU.ActiveCfg = Debug|Any CPU
		{FF21F131-05A3-468A-ADCA-26B1FD649AAA}.Debug|Any CPU.Build.0 = Debug|Any CPU
		{FF21F131-05A3-468A-ADCA-26B1FD649AAA}.Release|Any CPU.ActiveCfg = Release|Any CPU
		{FF21F131-05A3-468A-ADCA-26B1FD649AAA}.Release|Any CPU.Build.0 = Release|Any CPU
	EndGlobalSection
	GlobalSection(SolutionProperties) = preSolution
		HideSolutionNode = FALSE
	EndGlobalSection
	GlobalSection(ExtensibilityGlobals) = postSolution
		SolutionGuid = {51B0BE26-38B0-4C8A-A405-5C61012944A5}
	EndGlobalSection
EndGlobal
