
Microsoft Visual Studio Solution File, Format Version 12.00
# Visual Studio Version 17
VisualStudioVersion = 17.5.002.0
MinimumVisualStudioVersion = 10.0.40219.1
Project("{9A19103F-16F7-4668-BE54-9A1E7A4F7556}") = "Lab_OKT_2_03", "Lab_OKT_2_03.csproj", "{F749E143-3EDA-4E6A-8569-20CB3E1CAE89}"
EndProject
Project("{FAE04EC0-301F-11D3-BF4B-00C04F79EFBC}") = "Lab_OKT_2_04", "..\..\Lab_OKT_2_04\Lab_OKT_2_04\Lab_OKT_2_04.csproj", "{35E06566-1A75-474A-881A-530D67656258}"
EndProject
Global
	GlobalSection(SolutionConfigurationPlatforms) = preSolution
		Debug|Any CPU = Debug|Any CPU
		Release|Any CPU = Release|Any CPU
	EndGlobalSection
	GlobalSection(ProjectConfigurationPlatforms) = postSolution
		{F749E143-3EDA-4E6A-8569-20CB3E1CAE89}.Debug|Any CPU.ActiveCfg = Debug|Any CPU
		{F749E143-3EDA-4E6A-8569-20CB3E1CAE89}.Debug|Any CPU.Build.0 = Debug|Any CPU
		{F749E143-3EDA-4E6A-8569-20CB3E1CAE89}.Release|Any CPU.ActiveCfg = Release|Any CPU
		{F749E143-3EDA-4E6A-8569-20CB3E1CAE89}.Release|Any CPU.Build.0 = Release|Any CPU
		{35E06566-1A75-474A-881A-530D67656258}.Debug|Any CPU.ActiveCfg = Debug|Any CPU
		{35E06566-1A75-474A-881A-530D67656258}.Debug|Any CPU.Build.0 = Debug|Any CPU
		{35E06566-1A75-474A-881A-530D67656258}.Release|Any CPU.ActiveCfg = Release|Any CPU
		{35E06566-1A75-474A-881A-530D67656258}.Release|Any CPU.Build.0 = Release|Any CPU
	EndGlobalSection
	GlobalSection(SolutionProperties) = preSolution
		HideSolutionNode = FALSE
	EndGlobalSection
	GlobalSection(ExtensibilityGlobals) = postSolution
		SolutionGuid = {A61A593F-ED00-4286-BE4E-29D3DE0AD448}
	EndGlobalSection
EndGlobal
